<?xml version="1.0" encoding="utf-8"?>
<Project ToolsVersion="4.0" xmlns="http://schemas.microsoft.com/developer/msbuild/2003">
  <ItemGroup>
    <Filter Include="Source Files">
      <UniqueIdentifier>{4FC737F1-C7A5-4376-A066-2A32D752A2FF}</UniqueIdentifier>
      <Extensions>cpp;c;cc;cxx;def;odl;idl;hpj;bat;asm;asmx</Extensions>
    </Filter>
    <Filter Include="Header Files">
      <UniqueIdentifier>{93995380-89BD-4b04-88EB-625FBE52EBFB}</UniqueIdentifier>
      <Extensions>h;hh;hpp;hxx;hm;inl;inc;ipp;xsd</Extensions>
    </Filter>
    <Filter Include="Resource Files">
      <UniqueIdentifier>{67DA6AB6-F800-4c08-8B7A-83BB121AAD01}</UniqueIdentifier>
      <Extensions>rc;ico;cur;bmp;dlg;rc2;rct;bin;rgs;gif;jpg;jpeg;jpe;resx;tiff;tif;png;wav;mfcribbon-ms</Extensions>
    </Filter>
    <Filter Include="Config">
      <UniqueIdentifier>{e6c30212-f2af-4e68-9dd2-2cfecb369ab4}</UniqueIdentifier>
    </Filter>
    <Filter Include="actors">
      <UniqueIdentifier>{1ae9ce41-1f43-4c68-9e8d-1472af80ee59}</UniqueIdentifier>
    </Filter>
  </ItemGroup>
  <ItemGroup>
    <ClInclude Include="include\camera.h">
      <Filter>Header Files</Filter>
    </ClInclude>
    <ClInclude Include="include\editor.h">
      <Filter>Header Files</Filter>
    </ClInclude>
    <ClInclude Include="include\entity_common.h">
      <Filter>Header Files</Filter>
    </ClInclude>
    <ClInclude Include="include\gf2d_actor.h">
      <Filter>Header Files</Filter>
    </ClInclude>
    <ClInclude Include="include\gf2d_audio.h">
      <Filter>Header Files</Filter>
    </ClInclude>
    <ClInclude Include="include\gf2d_callbacks.h">
      <Filter>Header Files</Filter>
    </ClInclude>
    <ClInclude Include="include\gf2d_collision.h">
      <Filter>Header Files</Filter>
    </ClInclude>
    <ClInclude Include="include\gf2d_color.h">
      <Filter>Header Files</Filter>
    </ClInclude>
    <ClInclude Include="include\gf2d_config.h">
      <Filter>Header Files</Filter>
    </ClInclude>
    <ClInclude Include="include\gf2d_draw.h">
      <Filter>Header Files</Filter>
    </ClInclude>
    <ClInclude Include="include\gf2d_element_actor.h">
      <Filter>Header Files</Filter>
    </ClInclude>
    <ClInclude Include="include\gf2d_element_button.h">
      <Filter>Header Files</Filter>
    </ClInclude>
    <ClInclude Include="include\gf2d_element_entry.h">
      <Filter>Header Files</Filter>
    </ClInclude>
    <ClInclude Include="include\gf2d_element_label.h">
      <Filter>Header Files</Filter>
    </ClInclude>
    <ClInclude Include="include\gf2d_element_list.h">
      <Filter>Header Files</Filter>
    </ClInclude>
    <ClInclude Include="include\gf2d_elements.h">
      <Filter>Header Files</Filter>
    </ClInclude>
    <ClInclude Include="include\gf2d_entity.h">
      <Filter>Header Files</Filter>
    </ClInclude>
    <ClInclude Include="include\gf2d_graphics.h">
      <Filter>Header Files</Filter>
    </ClInclude>
    <ClInclude Include="include\gf2d_input.h">
      <Filter>Header Files</Filter>
    </ClInclude>
    <ClInclude Include="include\gf2d_list.h">
      <Filter>Header Files</Filter>
    </ClInclude>
    <ClInclude Include="include\gf2d_mouse.h">
      <Filter>Header Files</Filter>
    </ClInclude>
    <ClInclude Include="include\gf2d_particles.h">
      <Filter>Header Files</Filter>
    </ClInclude>
    <ClInclude Include="include\gf2d_shape.h">
      <Filter>Header Files</Filter>
    </ClInclude>
    <ClInclude Include="include\gf2d_sprite.h">
      <Filter>Header Files</Filter>
    </ClInclude>
    <ClInclude Include="include\gf2d_text.h">
      <Filter>Header Files</Filter>
    </ClInclude>
    <ClInclude Include="include\gf2d_types.h">
      <Filter>Header Files</Filter>
    </ClInclude>
    <ClInclude Include="include\gf2d_vector.h">
      <Filter>Header Files</Filter>
    </ClInclude>
    <ClInclude Include="include\gf2d_windows.h">
      <Filter>Header Files</Filter>
    </ClInclude>
    <ClInclude Include="include\level.h">
      <Filter>Header Files</Filter>
    </ClInclude>
    <ClInclude Include="include\monster.h">
      <Filter>Header Files</Filter>
    </ClInclude>
    <ClInclude Include="include\pickup.h">
      <Filter>Header Files</Filter>
    </ClInclude>
    <ClInclude Include="include\player.h">
      <Filter>Header Files</Filter>
    </ClInclude>
    <ClInclude Include="include\simple_logger.h">
      <Filter>Header Files</Filter>
    </ClInclude>
    <ClInclude Include="include\spawn.h">
      <Filter>Header Files</Filter>
    </ClInclude>
    <ClInclude Include="include\windows_common.h">
      <Filter>Header Files</Filter>
    </ClInclude>
    <ClInclude Include="include\simple_json.h">
      <Filter>Header Files</Filter>
    </ClInclude>
    <ClInclude Include="include\simple_json_array.h">
      <Filter>Header Files</Filter>
    </ClInclude>
    <ClInclude Include="include\simple_json_error.h">
      <Filter>Header Files</Filter>
    </ClInclude>
    <ClInclude Include="include\simple_json_list.h">
      <Filter>Header Files</Filter>
    </ClInclude>
    <ClInclude Include="include\simple_json_object.h">
      <Filter>Header Files</Filter>
    </ClInclude>
    <ClInclude Include="include\simple_json_parse.h">
      <Filter>Header Files</Filter>
    </ClInclude>
    <ClInclude Include="include\simple_json_string.h">
      <Filter>Header Files</Filter>
    </ClInclude>
    <ClInclude Include="include\simple_json_value.h">
      <Filter>Header Files</Filter>
    </ClInclude>
    <ClInclude Include="include\level_graph.h">
      <Filter>Header Files</Filter>
    </ClInclude>
    <ClInclude Include="include\UI.h">
      <Filter>Header Files</Filter>
    </ClInclude>
    <ClInclude Include="include\SDL_FontCache.h">
      <Filter>Header Files</Filter>
    </ClInclude>
    <ClInclude Include="include\entity_bard.h">
      <Filter>Header Files</Filter>
    </ClInclude>
    <ClInclude Include="include\projectile.h">
      <Filter>Header Files</Filter>
    </ClInclude>
  </ItemGroup>
  <ItemGroup>
    <ClCompile Include="src\camera.c">
      <Filter>Source Files</Filter>
    </ClCompile>
    <ClCompile Include="src\editor.c">
      <Filter>Source Files</Filter>
    </ClCompile>
    <ClCompile Include="src\entity_common.c">
      <Filter>Source Files</Filter>
    </ClCompile>
    <ClCompile Include="src\game.c">
      <Filter>Source Files</Filter>
    </ClCompile>
    <ClCompile Include="src\gf2d_actor.c">
      <Filter>Source Files</Filter>
    </ClCompile>
    <ClCompile Include="src\gf2d_audio.c">
      <Filter>Source Files</Filter>
    </ClCompile>
    <ClCompile Include="src\gf2d_callbacks.c">
      <Filter>Source Files</Filter>
    </ClCompile>
    <ClCompile Include="src\gf2d_collision.c">
      <Filter>Source Files</Filter>
    </ClCompile>
    <ClCompile Include="src\gf2d_color.c">
      <Filter>Source Files</Filter>
    </ClCompile>
    <ClCompile Include="src\gf2d_config.c">
      <Filter>Source Files</Filter>
    </ClCompile>
    <ClCompile Include="src\gf2d_draw.c">
      <Filter>Source Files</Filter>
    </ClCompile>
    <ClCompile Include="src\gf2d_element_actor.c">
      <Filter>Source Files</Filter>
    </ClCompile>
    <ClCompile Include="src\gf2d_element_button.c">
      <Filter>Source Files</Filter>
    </ClCompile>
    <ClCompile Include="src\gf2d_element_entry.c">
      <Filter>Source Files</Filter>
    </ClCompile>
    <ClCompile Include="src\gf2d_element_label.c">
      <Filter>Source Files</Filter>
    </ClCompile>
    <ClCompile Include="src\gf2d_element_list.c">
      <Filter>Source Files</Filter>
    </ClCompile>
    <ClCompile Include="src\gf2d_elements.c">
      <Filter>Source Files</Filter>
    </ClCompile>
    <ClCompile Include="src\gf2d_entity.c">
      <Filter>Source Files</Filter>
    </ClCompile>
    <ClCompile Include="src\gf2d_graphics.c">
      <Filter>Source Files</Filter>
    </ClCompile>
    <ClCompile Include="src\gf2d_input.c">
      <Filter>Source Files</Filter>
    </ClCompile>
    <ClCompile Include="src\gf2d_list.c">
      <Filter>Source Files</Filter>
    </ClCompile>
    <ClCompile Include="src\gf2d_mouse.c">
      <Filter>Source Files</Filter>
    </ClCompile>
    <ClCompile Include="src\gf2d_particles.c">
      <Filter>Source Files</Filter>
    </ClCompile>
    <ClCompile Include="src\gf2d_shape.c">
      <Filter>Source Files</Filter>
    </ClCompile>
    <ClCompile Include="src\gf2d_sprite.c">
      <Filter>Source Files</Filter>
    </ClCompile>
    <ClCompile Include="src\gf2d_text.c">
      <Filter>Source Files</Filter>
    </ClCompile>
    <ClCompile Include="src\gf2d_vector.c">
      <Filter>Source Files</Filter>
    </ClCompile>
    <ClCompile Include="src\gf2d_windows.c">
      <Filter>Source Files</Filter>
    </ClCompile>
    <ClCompile Include="src\level.c">
      <Filter>Source Files</Filter>
    </ClCompile>
    <ClCompile Include="src\monster.c">
      <Filter>Source Files</Filter>
    </ClCompile>
    <ClCompile Include="src\pickup.c">
      <Filter>Source Files</Filter>
    </ClCompile>
    <ClCompile Include="src\player.c">
      <Filter>Source Files</Filter>
    </ClCompile>
    <ClCompile Include="src\simple_logger.c">
      <Filter>Source Files</Filter>
    </ClCompile>
    <ClCompile Include="src\spawn.c">
      <Filter>Source Files</Filter>
    </ClCompile>
    <ClCompile Include="src\windows_common.c">
      <Filter>Source Files</Filter>
    </ClCompile>
    <ClCompile Include="src\simple_json.c">
      <Filter>Source Files</Filter>
    </ClCompile>
    <ClCompile Include="src\simple_json_array.c">
      <Filter>Source Files</Filter>
    </ClCompile>
    <ClCompile Include="src\simple_json_error.c">
      <Filter>Source Files</Filter>
    </ClCompile>
    <ClCompile Include="src\simple_json_list.c">
      <Filter>Source Files</Filter>
    </ClCompile>
    <ClCompile Include="src\simple_json_object.c">
      <Filter>Source Files</Filter>
    </ClCompile>
    <ClCompile Include="src\simple_json_parse.c">
      <Filter>Source Files</Filter>
    </ClCompile>
    <ClCompile Include="src\simple_json_string.c">
      <Filter>Source Files</Filter>
    </ClCompile>
    <ClCompile Include="src\level_graph.c">
      <Filter>Source Files</Filter>
    </ClCompile>
    <ClCompile Include="src\UI.c">
      <Filter>Source Files</Filter>
    </ClCompile>
    <ClCompile Include="src\SDL_FontCache.c">
      <Filter>Source Files</Filter>
    </ClCompile>
    <ClCompile Include="src\entity_bard.c">
      <Filter>Source Files</Filter>
    </ClCompile>
    <ClCompile Include="src\projectile.c">
      <Filter>Source Files</Filter>
    </ClCompile>
  </ItemGroup>
  <ItemGroup>
    <None Include="src\Makefile">
      <Filter>Source Files</Filter>
    </None>
    <None Include="config\editor_main.json">
      <Filter>Config</Filter>
    </None>
    <None Include="config\font.cfg">
      <Filter>Config</Filter>
    </None>
    <None Include="config\input.cfg">
      <Filter>Config</Filter>
    </None>
    <None Include="config\testfile.json">
      <Filter>Config</Filter>
    </None>
    <None Include="config\testwindow.cfg">
      <Filter>Config</Filter>
    </None>
    <None Include="config\text_entry_window.json">
      <Filter>Config</Filter>
    </None>
    <None Include="config\yes_no_window.json">
      <Filter>Config</Filter>
    </None>
    <None Include="actors\bard.actor">
      <Filter>actors</Filter>
    </None>
    <None Include="actors\button.actor">
      <Filter>actors</Filter>
    </None>
    <None Include="actors\charge_bolt.actor">
      <Filter>actors</Filter>
    </None>
    <None Include="actors\crysalis.actor">
      <Filter>actors</Filter>
    </None>
    <None Include="actors\disk_icon.actor">
      <Filter>actors</Filter>
    </None>
    <None Include="actors\essence.actor">
      <Filter>actors</Filter>
    </None>
    <None Include="actors\mouse.actor">
      <Filter>actors</Filter>
    </None>
    <None Include="actors\new_icon.actor">
      <Filter>actors</Filter>
    </None>
    <None Include="actors\player.actor">
      <Filter>actors</Filter>
    </None>
    <None Include="actors\save_icon.actor">
      <Filter>actors</Filter>
    </None>
    <None Include="actors\space_bug.actor">
      <Filter>actors</Filter>
    </None>
    <None Include="rooms\r1.json">
      <Filter>Config</Filter>
    </None>
    <None Include="rooms\testworld.json">
      <Filter>Config</Filter>
    </None>
    <None Include="config\shop_window.json">
      <Filter>Config</Filter>
    </None>
    <None Include="actors\potion.actor">
      <Filter>actors</Filter>
    </None>
  </ItemGroup>
</Project>